
Microsoft Visual Studio Solution File, Format Version 12.00
# Visual Studio Version 17
VisualStudioVersion = 17.10.35027.167
MinimumVisualStudioVersion = 10.0.40219.1
Project("{FAE04EC0-301F-11D3-BF4B-00C04F79EFBC}") = "FinalYearProject", "FinalYearProject\FinalYearProject.csproj", "{1C41A70E-C12D-4B3A-AE6F-F1371060FE1B}"
EndProject
Global
	GlobalSection(SolutionConfigurationPlatforms) = preSolution
		Debug|Any CPU = Debug|Any CPU
		Release|Any CPU = Release|Any CPU
	EndGlobalSection
	GlobalSection(ProjectConfigurationPlatforms) = postSolution
		{1C41A70E-C12D-4B3A-AE6F-F1371060FE1B}.Debug|Any CPU.ActiveCfg = Debug|Any CPU
		{1C41A70E-C12D-4B3A-AE6F-F1371060FE1B}.Debug|Any CPU.Build.0 = Debug|Any CPU
		{1C41A70E-C12D-4B3A-AE6F-F1371060FE1B}.Release|Any CPU.ActiveCfg = Release|Any CPU
		{1C41A70E-C12D-4B3A-AE6F-F1371060FE1B}.Release|Any CPU.Build.0 = Release|Any CPU
	EndGlobalSection
	GlobalSection(SolutionProperties) = preSolution
		HideSolutionNode = FALSE
	EndGlobalSection
	GlobalSection(ExtensibilityGlobals) = postSolution
		SolutionGuid = {E4E31059-7147-4238-878F-6C2079375C9F}
	EndGlobalSection
EndGlobal
